
Microsoft Visual Studio Solution File, Format Version 12.00
# Visual Studio Version 17
VisualStudioVersion = 17.4.33205.214
MinimumVisualStudioVersion = 10.0.40219.1
Project("{9A19103F-16F7-4668-BE54-9A1E7A4F7556}") = "FirstError.Api", "FirstError\FirstError.Api.csproj", "{E5FD582A-65C9-4456-A322-C0F1FEC265F2}"
EndProject
Project("{9A19103F-16F7-4668-BE54-9A1E7A4F7556}") = "FirstError.Core", "FirstError.Core\FirstError.Core.csproj", "{9575504C-F36D-474F-9DA0-0FF9280C4113}"
EndProject
Project("{9A19103F-16F7-4668-BE54-9A1E7A4F7556}") = "FirstError.Data", "FirstError.Data\FirstError.Data.csproj", "{E6184E29-31B8-4791-9116-9496B88490A6}"
EndProject
Project("{9A19103F-16F7-4668-BE54-9A1E7A4F7556}") = "FirstError.Service", "FirstError.Service\FirstError.Service.csproj", "{BC03B1A1-6CE6-4656-8D8B-9C169B45B05B}"
EndProject
Project("{9A19103F-16F7-4668-BE54-9A1E7A4F7556}") = "FirstError.Client", "FirstError.Client\FirstError.Client.csproj", "{8547DFCB-C479-4984-9233-66401B4B0C64}"
EndProject
Global
	GlobalSection(SolutionConfigurationPlatforms) = preSolution
		Debug|Any CPU = Debug|Any CPU
		Release|Any CPU = Release|Any CPU
	EndGlobalSection
	GlobalSection(ProjectConfigurationPlatforms) = postSolution
		{E5FD582A-65C9-4456-A322-C0F1FEC265F2}.Debug|Any CPU.ActiveCfg = Debug|Any CPU
		{E5FD582A-65C9-4456-A322-C0F1FEC265F2}.Debug|Any CPU.Build.0 = Debug|Any CPU
		{E5FD582A-65C9-4456-A322-C0F1FEC265F2}.Release|Any CPU.ActiveCfg = Release|Any CPU
		{E5FD582A-65C9-4456-A322-C0F1FEC265F2}.Release|Any CPU.Build.0 = Release|Any CPU
		{9575504C-F36D-474F-9DA0-0FF9280C4113}.Debug|Any CPU.ActiveCfg = Debug|Any CPU
		{9575504C-F36D-474F-9DA0-0FF9280C4113}.Debug|Any CPU.Build.0 = Debug|Any CPU
		{9575504C-F36D-474F-9DA0-0FF9280C4113}.Release|Any CPU.ActiveCfg = Release|Any CPU
		{9575504C-F36D-474F-9DA0-0FF9280C4113}.Release|Any CPU.Build.0 = Release|Any CPU
		{E6184E29-31B8-4791-9116-9496B88490A6}.Debug|Any CPU.ActiveCfg = Debug|Any CPU
		{E6184E29-31B8-4791-9116-9496B88490A6}.Debug|Any CPU.Build.0 = Debug|Any CPU
		{E6184E29-31B8-4791-9116-9496B88490A6}.Release|Any CPU.ActiveCfg = Release|Any CPU
		{E6184E29-31B8-4791-9116-9496B88490A6}.Release|Any CPU.Build.0 = Release|Any CPU
		{BC03B1A1-6CE6-4656-8D8B-9C169B45B05B}.Debug|Any CPU.ActiveCfg = Debug|Any CPU
		{BC03B1A1-6CE6-4656-8D8B-9C169B45B05B}.Debug|Any CPU.Build.0 = Debug|Any CPU
		{BC03B1A1-6CE6-4656-8D8B-9C169B45B05B}.Release|Any CPU.ActiveCfg = Release|Any CPU
		{BC03B1A1-6CE6-4656-8D8B-9C169B45B05B}.Release|Any CPU.Build.0 = Release|Any CPU
		{8547DFCB-C479-4984-9233-66401B4B0C64}.Debug|Any CPU.ActiveCfg = Debug|Any CPU
		{8547DFCB-C479-4984-9233-66401B4B0C64}.Debug|Any CPU.Build.0 = Debug|Any CPU
		{8547DFCB-C479-4984-9233-66401B4B0C64}.Release|Any CPU.ActiveCfg = Release|Any CPU
		{8547DFCB-C479-4984-9233-66401B4B0C64}.Release|Any CPU.Build.0 = Release|Any CPU
	EndGlobalSection
	GlobalSection(SolutionProperties) = preSolution
		HideSolutionNode = FALSE
	EndGlobalSection
	GlobalSection(ExtensibilityGlobals) = postSolution
		SolutionGuid = {340581BF-8481-4FE4-A739-83A4327DC40F}
	EndGlobalSection
EndGlobal
